
Microsoft Visual Studio Solution File, Format Version 12.00
# Visual Studio Version 16
VisualStudioVersion = 16.0.31402.337
MinimumVisualStudioVersion = 10.0.40219.1
Project("{9A19103F-16F7-4668-BE54-9A1E7A4F7556}") = "ESP32BLEServer", "ESP32BLEServer\ESP32BLEServer.csproj", "{D272BCAF-449F-4B44-B837-21790EF1FE2A}"
EndProject
Global
	GlobalSection(SolutionConfigurationPlatforms) = preSolution
		Debug|Any CPU = Debug|Any CPU
		Release|Any CPU = Release|Any CPU
	EndGlobalSection
	GlobalSection(ProjectConfigurationPlatforms) = postSolution
		{D272BCAF-449F-4B44-B837-21790EF1FE2A}.Debug|Any CPU.ActiveCfg = Debug|Any CPU
		{D272BCAF-449F-4B44-B837-21790EF1FE2A}.Debug|Any CPU.Build.0 = Debug|Any CPU
		{D272BCAF-449F-4B44-B837-21790EF1FE2A}.Release|Any CPU.ActiveCfg = Release|Any CPU
		{D272BCAF-449F-4B44-B837-21790EF1FE2A}.Release|Any CPU.Build.0 = Release|Any CPU
	EndGlobalSection
	GlobalSection(SolutionProperties) = preSolution
		HideSolutionNode = FALSE
	EndGlobalSection
	GlobalSection(ExtensibilityGlobals) = postSolution
		SolutionGuid = {79831094-0A80-4885-84EB-64BA00150CA6}
	EndGlobalSection
EndGlobal
